Microsoft Visual Studio Solution File, Format Version 12.00
# Visual Studio 11
Project("{FAE04EC0-301F-11D3-BF4B-00C04F79EFBC}") = "MyUPnPInterface", "MyUPnPInterface\MyUPnPInterface.csproj", "{5CDDCC35-403D-45F7-BB8B-2F60FD3D928D}"
EndProject
Project("{FAE04EC0-301F-11D3-BF4B-00C04F79EFBC}") = "MyUPnPSupport", "MyUPnPSupport\MyUPnPSupport.csproj", "{B6B5E980-D25E-4A9B-9543-653C4F040DF7}"
EndProject
Project("{FAE04EC0-301F-11D3-BF4B-00C04F79EFBC}") = "FileHash", "DeveloperToolsForUPnP\FileHash\FileHash.csproj", "{F1645E22-B869-4CA1-9840-2CF17B27CC33}"
EndProject
Project("{FAE04EC0-301F-11D3-BF4B-00C04F79EFBC}") = "Metadata", "DeveloperToolsForUPnP\MetaData\Metadata.csproj", "{540366D1-629D-4DBA-9442-BB839E102D4E}"
EndProject
Project("{FAE04EC0-301F-11D3-BF4B-00C04F79EFBC}") = "UPnP", "DeveloperToolsForUPnP\UPnP\UPnP.csproj", "{584ED187-8F2A-4B58-A266-85F3F212B092}"
EndProject
Project("{FAE04EC0-301F-11D3-BF4B-00C04F79EFBC}") = "UPnPAV", "DeveloperToolsForUPnP\UPNP_AV\UPnPAV.csproj", "{B2439738-5F46-4E59-95A1-92C3DF38696F}"
EndProject
Project("{FAE04EC0-301F-11D3-BF4B-00C04F79EFBC}") = "UPnPAV_DeviceRendererStack", "DeveloperToolsForUPnP\UPNPAV_DeviceRendererStack\UPnPAV_DeviceRendererStack.csproj", "{76F0E0BA-056E-4B30-B09E-F7887BA53B7D}"
EndProject
Project("{FAE04EC0-301F-11D3-BF4B-00C04F79EFBC}") = "UPnPAV_RendererStack", "DeveloperToolsForUPnP\UPNPAV_RendererStack\UPnPAV_RendererStack.csproj", "{E01B6019-ACC6-40A6-A511-48D285D51C40}"
EndProject
Project("{FAE04EC0-301F-11D3-BF4B-00C04F79EFBC}") = "UPnPAVCDSML", "DeveloperToolsForUPnP\UPNPAVCDSML\UPnPAVCDSML.csproj", "{8EA0E595-45EC-40C1-82CE-269F4FA9EBB3}"
EndProject
Project("{FAE04EC0-301F-11D3-BF4B-00C04F79EFBC}") = "UPnPAVMSCP", "DeveloperToolsForUPnP\UPNPAVMSCP\UPnPAVMSCP.csproj", "{8901DF28-45ED-4BC5-8972-AE463A68E756}"
EndProject
Project("{FAE04EC0-301F-11D3-BF4B-00C04F79EFBC}") = "UPnPAVMSDV", "DeveloperToolsForUPnP\UPNPAVMSDV\UPnPAVMSDV.csproj", "{F080B2D6-53ED-4363-AAA1-17EF02A69B10}"
EndProject
Project("{FAE04EC0-301F-11D3-BF4B-00C04F79EFBC}") = "DeviceValidatorPluginInterfaces", "DeveloperToolsForUPnP\ValidatorInterfaces\DeviceValidatorPluginInterfaces.csproj", "{AD112426-E7BB-4AE9-B286-AD21E0CB3E6B}"
EndProject
Project("{FAE04EC0-301F-11D3-BF4B-00C04F79EFBC}") = "UPnPMediaServerCore", "DeveloperToolsForUPnP\MediaServer\UPnPMediaServerCore\UPnPMediaServerCore.csproj", "{658883B6-926A-4482-84AB-43AA3D155F6B}"
EndProject
Global
	GlobalSection(TestCaseManagementSettings) = postSolution
		CategoryFile = MyUPnPSupport.vsmdi
	EndGlobalSection
	GlobalSection(SolutionConfigurationPlatforms) = preSolution
		Debug|Any CPU = Debug|Any CPU
		Release|Any CPU = Release|Any CPU
	EndGlobalSection
	GlobalSection(ProjectConfigurationPlatforms) = postSolution
		{540366D1-629D-4DBA-9442-BB839E102D4E}.Debug|Any CPU.ActiveCfg = Debug|Any CPU
		{540366D1-629D-4DBA-9442-BB839E102D4E}.Debug|Any CPU.Build.0 = Debug|Any CPU
		{540366D1-629D-4DBA-9442-BB839E102D4E}.Release|Any CPU.ActiveCfg = Release|Any CPU
		{540366D1-629D-4DBA-9442-BB839E102D4E}.Release|Any CPU.Build.0 = Release|Any CPU
		{584ED187-8F2A-4B58-A266-85F3F212B092}.Debug|Any CPU.ActiveCfg = Debug|Any CPU
		{584ED187-8F2A-4B58-A266-85F3F212B092}.Debug|Any CPU.Build.0 = Debug|Any CPU
		{584ED187-8F2A-4B58-A266-85F3F212B092}.Release|Any CPU.ActiveCfg = Release|Any CPU
		{584ED187-8F2A-4B58-A266-85F3F212B092}.Release|Any CPU.Build.0 = Release|Any CPU
		{5CDDCC35-403D-45F7-BB8B-2F60FD3D928D}.Debug|Any CPU.ActiveCfg = Debug|Any CPU
		{5CDDCC35-403D-45F7-BB8B-2F60FD3D928D}.Debug|Any CPU.Build.0 = Debug|Any CPU
		{5CDDCC35-403D-45F7-BB8B-2F60FD3D928D}.Release|Any CPU.ActiveCfg = Release|Any CPU
		{5CDDCC35-403D-45F7-BB8B-2F60FD3D928D}.Release|Any CPU.Build.0 = Release|Any CPU
		{658883B6-926A-4482-84AB-43AA3D155F6B}.Debug|Any CPU.ActiveCfg = Debug|Any CPU
		{658883B6-926A-4482-84AB-43AA3D155F6B}.Debug|Any CPU.Build.0 = Debug|Any CPU
		{658883B6-926A-4482-84AB-43AA3D155F6B}.Release|Any CPU.ActiveCfg = Release|Any CPU
		{658883B6-926A-4482-84AB-43AA3D155F6B}.Release|Any CPU.Build.0 = Release|Any CPU
		{76F0E0BA-056E-4B30-B09E-F7887BA53B7D}.Debug|Any CPU.ActiveCfg = Debug|Any CPU
		{76F0E0BA-056E-4B30-B09E-F7887BA53B7D}.Debug|Any CPU.Build.0 = Debug|Any CPU
		{76F0E0BA-056E-4B30-B09E-F7887BA53B7D}.Release|Any CPU.ActiveCfg = Release|Any CPU
		{76F0E0BA-056E-4B30-B09E-F7887BA53B7D}.Release|Any CPU.Build.0 = Release|Any CPU
		{8901DF28-45ED-4BC5-8972-AE463A68E756}.Debug|Any CPU.ActiveCfg = Debug|Any CPU
		{8901DF28-45ED-4BC5-8972-AE463A68E756}.Debug|Any CPU.Build.0 = Debug|Any CPU
		{8901DF28-45ED-4BC5-8972-AE463A68E756}.Release|Any CPU.ActiveCfg = Release|Any CPU
		{8901DF28-45ED-4BC5-8972-AE463A68E756}.Release|Any CPU.Build.0 = Release|Any CPU
		{8EA0E595-45EC-40C1-82CE-269F4FA9EBB3}.Debug|Any CPU.ActiveCfg = Debug|Any CPU
		{8EA0E595-45EC-40C1-82CE-269F4FA9EBB3}.Debug|Any CPU.Build.0 = Debug|Any CPU
		{8EA0E595-45EC-40C1-82CE-269F4FA9EBB3}.Release|Any CPU.ActiveCfg = Release|Any CPU
		{8EA0E595-45EC-40C1-82CE-269F4FA9EBB3}.Release|Any CPU.Build.0 = Release|Any CPU
		{AD112426-E7BB-4AE9-B286-AD21E0CB3E6B}.Debug|Any CPU.ActiveCfg = Debug|Any CPU
		{AD112426-E7BB-4AE9-B286-AD21E0CB3E6B}.Debug|Any CPU.Build.0 = Debug|Any CPU
		{AD112426-E7BB-4AE9-B286-AD21E0CB3E6B}.Release|Any CPU.ActiveCfg = Release|Any CPU
		{AD112426-E7BB-4AE9-B286-AD21E0CB3E6B}.Release|Any CPU.Build.0 = Release|Any CPU
		{B2439738-5F46-4E59-95A1-92C3DF38696F}.Debug|Any CPU.ActiveCfg = Debug|Any CPU
		{B2439738-5F46-4E59-95A1-92C3DF38696F}.Debug|Any CPU.Build.0 = Debug|Any CPU
		{B2439738-5F46-4E59-95A1-92C3DF38696F}.Release|Any CPU.ActiveCfg = Release|Any CPU
		{B2439738-5F46-4E59-95A1-92C3DF38696F}.Release|Any CPU.Build.0 = Release|Any CPU
		{B6B5E980-D25E-4A9B-9543-653C4F040DF7}.Debug|Any CPU.ActiveCfg = Debug|Any CPU
		{B6B5E980-D25E-4A9B-9543-653C4F040DF7}.Debug|Any CPU.Build.0 = Debug|Any CPU
		{B6B5E980-D25E-4A9B-9543-653C4F040DF7}.Release|Any CPU.ActiveCfg = Release|Any CPU
		{B6B5E980-D25E-4A9B-9543-653C4F040DF7}.Release|Any CPU.Build.0 = Release|Any CPU
		{E01B6019-ACC6-40A6-A511-48D285D51C40}.Debug|Any CPU.ActiveCfg = Debug|Any CPU
		{E01B6019-ACC6-40A6-A511-48D285D51C40}.Debug|Any CPU.Build.0 = Debug|Any CPU
		{E01B6019-ACC6-40A6-A511-48D285D51C40}.Release|Any CPU.ActiveCfg = Release|Any CPU
		{E01B6019-ACC6-40A6-A511-48D285D51C40}.Release|Any CPU.Build.0 = Release|Any CPU
		{F080B2D6-53ED-4363-AAA1-17EF02A69B10}.Debug|Any CPU.ActiveCfg = Debug|Any CPU
		{F080B2D6-53ED-4363-AAA1-17EF02A69B10}.Debug|Any CPU.Build.0 = Debug|Any CPU
		{F080B2D6-53ED-4363-AAA1-17EF02A69B10}.Release|Any CPU.ActiveCfg = Release|Any CPU
		{F080B2D6-53ED-4363-AAA1-17EF02A69B10}.Release|Any CPU.Build.0 = Release|Any CPU
		{F1645E22-B869-4CA1-9840-2CF17B27CC33}.Debug|Any CPU.ActiveCfg = Debug|Any CPU
		{F1645E22-B869-4CA1-9840-2CF17B27CC33}.Debug|Any CPU.Build.0 = Debug|Any CPU
		{F1645E22-B869-4CA1-9840-2CF17B27CC33}.Release|Any CPU.ActiveCfg = Release|Any CPU
		{F1645E22-B869-4CA1-9840-2CF17B27CC33}.Release|Any CPU.Build.0 = Release|Any CPU
	EndGlobalSection
	GlobalSection(SolutionProperties) = preSolution
		HideSolutionNode = FALSE
	EndGlobalSection
EndGlobal
